
Microsoft Visual Studio Solution File, Format Version 12.00
# Visual Studio Version 16
VisualStudioVersion = 16.0.29123.88
MinimumVisualStudioVersion = 10.0.40219.1
Project("{8BC9CEB8-8B4A-11D0-8D11-00A0C91BC942}") = "Assembler", "vcxproj\Assembler.vcxproj", "{70CE39FC-F682-41F3-A945-90A780F5561F}"
EndProject
Project("{8BC9CEB8-8B4A-11D0-8D11-00A0C91BC942}") = "VirtualMachine", "vcxproj\VirtualMachine.vcxproj", "{28F3ED55-32B7-4DEF-BC1C-27A876F93330}"
EndProject
Project("{8BC9CEB8-8B4A-11D0-8D11-00A0C91BC942}") = "OperatingSystem", "vcxproj\OperatingSystem.vcxproj", "{1DFF4629-3A8C-4D97-8510-689F4B18798E}"
EndProject
Global
	GlobalSection(SolutionConfigurationPlatforms) = preSolution
		Debug|x64 = Debug|x64
		Debug|x86 = Debug|x86
		Release|x64 = Release|x64
		Release|x86 = Release|x86
	EndGlobalSection
	GlobalSection(ProjectConfigurationPlatforms) = postSolution
		{70CE39FC-F682-41F3-A945-90A780F5561F}.Debug|x64.ActiveCfg = Debug|x64
		{70CE39FC-F682-41F3-A945-90A780F5561F}.Debug|x64.Build.0 = Debug|x64
		{70CE39FC-F682-41F3-A945-90A780F5561F}.Debug|x86.ActiveCfg = Debug|Win32
		{70CE39FC-F682-41F3-A945-90A780F5561F}.Debug|x86.Build.0 = Debug|Win32
		{70CE39FC-F682-41F3-A945-90A780F5561F}.Release|x64.ActiveCfg = Release|x64
		{70CE39FC-F682-41F3-A945-90A780F5561F}.Release|x64.Build.0 = Release|x64
		{70CE39FC-F682-41F3-A945-90A780F5561F}.Release|x86.ActiveCfg = Release|Win32
		{70CE39FC-F682-41F3-A945-90A780F5561F}.Release|x86.Build.0 = Release|Win32
		{28F3ED55-32B7-4DEF-BC1C-27A876F93330}.Debug|x64.ActiveCfg = Debug|x64
		{28F3ED55-32B7-4DEF-BC1C-27A876F93330}.Debug|x64.Build.0 = Debug|x64
		{28F3ED55-32B7-4DEF-BC1C-27A876F93330}.Debug|x86.ActiveCfg = Debug|Win32
		{28F3ED55-32B7-4DEF-BC1C-27A876F93330}.Debug|x86.Build.0 = Debug|Win32
		{28F3ED55-32B7-4DEF-BC1C-27A876F93330}.Release|x64.ActiveCfg = Release|x64
		{28F3ED55-32B7-4DEF-BC1C-27A876F93330}.Release|x64.Build.0 = Release|x64
		{28F3ED55-32B7-4DEF-BC1C-27A876F93330}.Release|x86.ActiveCfg = Release|Win32
		{28F3ED55-32B7-4DEF-BC1C-27A876F93330}.Release|x86.Build.0 = Release|Win32
		{1DFF4629-3A8C-4D97-8510-689F4B18798E}.Debug|x64.ActiveCfg = Debug|x64
		{1DFF4629-3A8C-4D97-8510-689F4B18798E}.Debug|x64.Build.0 = Debug|x64
		{1DFF4629-3A8C-4D97-8510-689F4B18798E}.Debug|x86.ActiveCfg = Debug|Win32
		{1DFF4629-3A8C-4D97-8510-689F4B18798E}.Debug|x86.Build.0 = Debug|Win32
		{1DFF4629-3A8C-4D97-8510-689F4B18798E}.Release|x64.ActiveCfg = Release|x64
		{1DFF4629-3A8C-4D97-8510-689F4B18798E}.Release|x64.Build.0 = Release|x64
		{1DFF4629-3A8C-4D97-8510-689F4B18798E}.Release|x86.ActiveCfg = Release|Win32
		{1DFF4629-3A8C-4D97-8510-689F4B18798E}.Release|x86.Build.0 = Release|Win32
	EndGlobalSection
	GlobalSection(SolutionProperties) = preSolution
		HideSolutionNode = FALSE
	EndGlobalSection
	GlobalSection(ExtensibilityGlobals) = postSolution
		SolutionGuid = {1C1E9949-A40B-4841-8C0D-BE58581DA808}
	EndGlobalSection
EndGlobal
